// !$*UTF8*$!
{
	archiveVersion = 1;
	classes = {
	};
	objectVersion = 46;
	objects = {

/* Begin PBXBuildFile section */
		911D0D801C20AFB900F24DFF /* AirportTableViewCell.swift in Sources */ = {isa = PBXBuildFile; fileRef = 911D0D7F1C20AFB900F24DFF /* AirportTableViewCell.swift */; };
		911D0D861C20B49E00F24DFF /* AirportTableViewController.swift in Sources */ = {isa = PBXBuildFile; fileRef = 911D0D851C20B49E00F24DFF /* AirportTableViewController.swift */; };
		91AA45A01C203E2700CA241B /* AppDelegate.swift in Sources */ = {isa = PBXBuildFile; fileRef = 91AA459F1C203E2700CA241B /* AppDelegate.swift */; };
		91AA45A51C203E2700CA241B /* Main.storyboard in Resources */ = {isa = PBXBuildFile; fileRef = 91AA45A31C203E2700CA241B /* Main.storyboard */; };
		91AA45A71C203E2700CA241B /* Assets.xcassets in Resources */ = {isa = PBXBuildFile; fileRef = 91AA45A61C203E2700CA241B /* Assets.xcassets */; };
		91AA45AA1C203E2700CA241B /* LaunchScreen.storyboard in Resources */ = {isa = PBXBuildFile; fileRef = 91AA45A81C203E2700CA241B /* LaunchScreen.storyboard */; };
		91AA45B21C203EB900CA241B /* HTTP.swift in Sources */ = {isa = PBXBuildFile; fileRef = 91AA45B11C203EB900CA241B /* HTTP.swift */; };
		E20BAA7034CBE2EA81CFD8F2 /* Pods_OpenJetRecruitApp.framework in Frameworks */ = {isa = PBXBuildFile; fileRef = 9BF34783EB47A6306C079AD2 /* Pods_OpenJetRecruitApp.framework */; };
/* End PBXBuildFile section */

/* Begin PBXFileReference section */
		0DC83508EB03DFA3057F4673 /* Pods-OpenJetRecruitApp.debug.xcconfig */ = {isa = PBXFileReference; includeInIndex = 1; lastKnownFileType = text.xcconfig; name = "Pods-OpenJetRecruitApp.debug.xcconfig"; path = "Pods/Target Support Files/Pods-OpenJetRecruitApp/Pods-OpenJetRecruitApp.debug.xcconfig"; sourceTree = "<group>"; };
		81F76FF861DA4E6A0BA5FD86 /* Pods-OpenJetRecruitApp.release.xcconfig */ = {isa = PBXFileReference; includeInIndex = 1; lastKnownFileType = text.xcconfig; name = "Pods-OpenJetRecruitApp.release.xcconfig"; path = "Pods/Target Support Files/Pods-OpenJetRecruitApp/Pods-OpenJetRecruitApp.release.xcconfig"; sourceTree = "<group>"; };
		911D0D7F1C20AFB900F24DFF /* AirportTableViewCell.swift */ = {isa = PBXFileReference; fileEncoding = 4; lastKnownFileType = sourcecode.swift; path = AirportTableViewCell.swift; sourceTree = "<group>"; };
		911D0D851C20B49E00F24DFF /* AirportTableViewController.swift */ = {isa = PBXFileReference; fileEncoding = 4; lastKnownFileType = sourcecode.swift; path = AirportTableViewController.swift; sourceTree = "<group>"; };
		91AA459C1C203E2600CA241B /* OpenJetRecruitApp.app */ = {isa = PBXFileReference; explicitFileType = wrapper.application; includeInIndex = 0; path = OpenJetRecruitApp.app; sourceTree = BUILT_PRODUCTS_DIR; };
		91AA459F1C203E2700CA241B /* AppDelegate.swift */ = {isa = PBXFileReference; lastKnownFileType = sourcecode.swift; path = AppDelegate.swift; sourceTree = "<group>"; };
		91AA45A41C203E2700CA241B /* Base */ = {isa = PBXFileReference; lastKnownFileType = file.storyboard; name = Base; path = Base.lproj/Main.storyboard; sourceTree = "<group>"; };
		91AA45A61C203E2700CA241B /* Assets.xcassets */ = {isa = PBXFileReference; lastKnownFileType = folder.assetcatalog; path = Assets.xcassets; sourceTree = "<group>"; };
		91AA45A91C203E2700CA241B /* Base */ = {isa = PBXFileReference; lastKnownFileType = file.storyboard; name = Base; path = Base.lproj/LaunchScreen.storyboard; sourceTree = "<group>"; };
		91AA45AB1C203E2700CA241B /* Info.plist */ = {isa = PBXFileReference; lastKnownFileType = text.plist.xml; path = Info.plist; sourceTree = "<group>"; };
		91AA45B11C203EB900CA241B /* HTTP.swift */ = {isa = PBXFileReference; fileEncoding = 4; lastKnownFileType = sourcecode.swift; path = HTTP.swift; sourceTree = "<group>"; };
		9BF34783EB47A6306C079AD2 /* Pods_OpenJetRecruitApp.framework */ = {isa = PBXFileReference; explicitFileType = wrapper.framework; includeInIndex = 0; path = Pods_OpenJetRecruitApp.framework; sourceTree = BUILT_PRODUCTS_DIR; };
/* End PBXFileReference section */

/* Begin PBXFrameworksBuildPhase section */
		91AA45991C203E2600CA241B /* Frameworks */ = {
			isa = PBXFrameworksBuildPhase;
			buildActionMask = 2147483647;
			files = (
				E20BAA7034CBE2EA81CFD8F2 /* Pods_OpenJetRecruitApp.framework in Frameworks */,
			);
			runOnlyForDeploymentPostprocessing = 0;
		};
/* End PBXFrameworksBuildPhase section */

/* Begin PBXGroup section */
		91AA45931C203E2600CA241B = {
			isa = PBXGroup;
			children = (
				91AA459E1C203E2600CA241B /* OpenJetRecruitApp */,
				91AA459D1C203E2600CA241B /* Products */,
				E3E686E097C34DDCFC511109 /* Pods */,
				E0FA231C6B27FBEEB3477550 /* Frameworks */,
			);
			sourceTree = "<group>";
		};
		91AA459D1C203E2600CA241B /* Products */ = {
			isa = PBXGroup;
			children = (
				91AA459C1C203E2600CA241B /* OpenJetRecruitApp.app */,
			);
			name = Products;
			sourceTree = "<group>";
		};
		91AA459E1C203E2600CA241B /* OpenJetRecruitApp */ = {
			isa = PBXGroup;
			children = (
				911D0D851C20B49E00F24DFF /* AirportTableViewController.swift */,
				91AA459F1C203E2700CA241B /* AppDelegate.swift */,
				91AA45B11C203EB900CA241B /* HTTP.swift */,
				91AA45A31C203E2700CA241B /* Main.storyboard */,
				91AA45A61C203E2700CA241B /* Assets.xcassets */,
				91AA45A81C203E2700CA241B /* LaunchScreen.storyboard */,
				91AA45AB1C203E2700CA241B /* Info.plist */,
				911D0D7F1C20AFB900F24DFF /* AirportTableViewCell.swift */,
			);
			path = OpenJetRecruitApp;
			sourceTree = "<group>";
		};
		E0FA231C6B27FBEEB3477550 /* Frameworks */ = {
			isa = PBXGroup;
			children = (
				9BF34783EB47A6306C079AD2 /* Pods_OpenJetRecruitApp.framework */,
			);
			name = Frameworks;
			sourceTree = "<group>";
		};
		E3E686E097C34DDCFC511109 /* Pods */ = {
			isa = PBXGroup;
			children = (
				0DC83508EB03DFA3057F4673 /* Pods-OpenJetRecruitApp.debug.xcconfig */,
				81F76FF861DA4E6A0BA5FD86 /* Pods-OpenJetRecruitApp.release.xcconfig */,
			);
			name = Pods;
			sourceTree = "<group>";
		};
/* End PBXGroup section */

/* Begin PBXNativeTarget section */
		91AA459B1C203E2600CA241B /* OpenJetRecruitApp */ = {
			isa = PBXNativeTarget;
			buildConfigurationList = 91AA45AE1C203E2700CA241B /* Build configuration list for PBXNativeTarget "OpenJetRecruitApp" */;
			buildPhases = (
				C86BCFAFA42BC980DBBCA214 /* Check Pods Manifest.lock */,
				91AA45981C203E2600CA241B /* Sources */,
				91AA45991C203E2600CA241B /* Frameworks */,
				91AA459A1C203E2600CA241B /* Resources */,
				07C65BE33F7C841CCD1A8509 /* Embed Pods Frameworks */,
				5A10EFE599F779C02A777234 /* Copy Pods Resources */,
			);
			buildRules = (
			);
			dependencies = (
			);
			name = OpenJetRecruitApp;
			productName = OpenJetRecruitApp;
			productReference = 91AA459C1C203E2600CA241B /* OpenJetRecruitApp.app */;
			productType = "com.apple.product-type.application";
		};
/* End PBXNativeTarget section */

/* Begin PBXProject section */
		91AA45941C203E2600CA241B /* Project object */ = {
			isa = PBXProject;
			attributes = {
				LastSwiftUpdateCheck = 0710;
				LastUpgradeCheck = 0710;
				ORGANIZATIONNAME = "Yoann Cribier";
				TargetAttributes = {
					91AA459B1C203E2600CA241B = {
						CreatedOnToolsVersion = 7.1;
					};
				};
			};
			buildConfigurationList = 91AA45971C203E2600CA241B /* Build configuration list for PBXProject "OpenJetRecruitApp" */;
			compatibilityVersion = "Xcode 3.2";
			developmentRegion = English;
			hasScannedForEncodings = 0;
			knownRegions = (
				en,
				Base,
			);
			mainGroup = 91AA45931C203E2600CA241B;
			productRefGroup = 91AA459D1C203E2600CA241B /* Products */;
			projectDirPath = "";
			projectRoot = "";
			targets = (
				91AA459B1C203E2600CA241B /* OpenJetRecruitApp */,
			);
		};
/* End PBXProject section */

/* Begin PBXResourcesBuildPhase section */
		91AA459A1C203E2600CA241B /* Resources */ = {
			isa = PBXResourcesBuildPhase;
			buildActionMask = 2147483647;
			files = (
				91AA45AA1C203E2700CA241B /* LaunchScreen.storyboard in Resources */,
				91AA45A71C203E2700CA241B /* Assets.xcassets in Resources */,
				91AA45A51C203E2700CA241B /* Main.storyboard in Resources */,
			);
			runOnlyForDeploymentPostprocessing = 0;
		};
/* End PBXResourcesBuildPhase section */

/* Begin PBXShellScriptBuildPhase section */
		07C65BE33F7C841CCD1A8509 /* Embed Pods Frameworks */ = {
			isa = PBXShellScriptBuildPhase;
			buildActionMask = 2147483647;
			files = (
			);
			inputPaths = (
			);
			name = "Embed Pods Frameworks";
			outputPaths = (
			);
			runOnlyForDeploymentPostprocessing = 0;
			shellPath = /bin/sh;
			shellScript = "\"${SRCROOT}/Pods/Target Support Files/Pods-OpenJetRecruitApp/Pods-OpenJetRecruitApp-frameworks.sh\"\n";
			showEnvVarsInLog = 0;
		};
		5A10EFE599F779C02A777234 /* Copy Pods Resources */ = {
			isa = PBXShellScriptBuildPhase;
			buildActionMask = 2147483647;
			files = (
			);
			inputPaths = (
			);
			name = "Copy Pods Resources";
			outputPaths = (
			);
			runOnlyForDeploymentPostprocessing = 0;
			shellPath = /bin/sh;
			shellScript = "\"${SRCROOT}/Pods/Target Support Files/Pods-OpenJetRecruitApp/Pods-OpenJetRecruitApp-resources.sh\"\n";
			showEnvVarsInLog = 0;
		};
		C86BCFAFA42BC980DBBCA214 /* Check Pods Manifest.lock */ = {
			isa = PBXShellScriptBuildPhase;
			buildActionMask = 2147483647;
			files = (
			);
			inputPaths = (
			);
			name = "Check Pods Manifest.lock";
			outputPaths = (
			);
			runOnlyForDeploymentPostprocessing = 0;
			shellPath = /bin/sh;
			shellScript = "diff \"${PODS_ROOT}/../Podfile.lock\" \"${PODS_ROOT}/Manifest.lock\" > /dev/null\nif [[ $? != 0 ]] ; then\n    cat << EOM\nerror: The sandbox is not in sync with the Podfile.lock. Run 'pod install' or update your CocoaPods installation.\nEOM\n    exit 1\nfi\n";
			showEnvVarsInLog = 0;
		};
/* End PBXShellScriptBuildPhase section */

/* Begin PBXSourcesBuildPhase section */
		91AA45981C203E2600CA241B /* Sources */ = {
			isa = PBXSourcesBuildPhase;
			buildActionMask = 2147483647;
			files = (
				91AA45B21C203EB900CA241B /* HTTP.swift in Sources */,
				911D0D801C20AFB900F24DFF /* AirportTableViewCell.swift in Sources */,
				91AA45A01C203E2700CA241B /* AppDelegate.swift in Sources */,
				911D0D861C20B49E00F24DFF /* AirportTableViewController.swift in Sources */,
			);
			runOnlyForDeploymentPostprocessing = 0;
		};
/* End PBXSourcesBuildPhase section */

/* Begin PBXVariantGroup section */
		91AA45A31C203E2700CA241B /* Main.storyboard */ = {
			isa = PBXVariantGroup;
			children = (
				91AA45A41C203E2700CA241B /* Base */,
			);
			name = Main.storyboard;
			sourceTree = "<group>";
		};
		91AA45A81C203E2700CA241B /* LaunchScreen.storyboard */ = {
			isa = PBXVariantGroup;
			children = (
				91AA45A91C203E2700CA241B /* Base */,
			);
			name = LaunchScreen.storyboard;
			sourceTree = "<group>";
		};
/* End PBXVariantGroup section */

/* Begin XCBuildConfiguration section */
		91AA45AC1C203E2700CA241B /* Debug */ = {
			isa = XCBuildConfiguration;
			buildSettings = {
				ALWAYS_SEARCH_USER_PATHS = NO;
				CLANG_CXX_LANGUAGE_STANDARD = "gnu++0x";
				CLANG_CXX_LIBRARY = "libc++";
				CLANG_ENABLE_MODULES = YES;
				CLANG_ENABLE_OBJC_ARC = YES;
				CLANG_WARN_BOOL_CONVERSION = YES;
				CLANG_WARN_CONSTANT_CONVERSION = YES;
				CLANG_WARN_DIRECT_OBJC_ISA_USAGE = YES_ERROR;
				CLANG_WARN_EMPTY_BODY = YES;
				CLANG_WARN_ENUM_CONVERSION = YES;
				CLANG_WARN_INT_CONVERSION = YES;
				CLANG_WARN_OBJC_ROOT_CLASS = YES_ERROR;
				CLANG_WARN_UNREACHABLE_CODE = YES;
				CLANG_WARN__DUPLICATE_METHOD_MATCH = YES;
				"CODE_SIGN_IDENTITY[sdk=iphoneos*]" = "iPhone Developer";
				COPY_PHASE_STRIP = NO;
				DEBUG_INFORMATION_FORMAT = dwarf;
				ENABLE_STRICT_OBJC_MSGSEND = YES;
				ENABLE_TESTABILITY = YES;
				GCC_C_LANGUAGE_STANDARD = gnu99;
				GCC_DYNAMIC_NO_PIC = NO;
				GCC_NO_COMMON_BLOCKS = YES;
				GCC_OPTIMIZATION_LEVEL = 0;
				GCC_PREPROCESSOR_DEFINITIONS = (
					"DEBUG=1",
					"$(inherited)",
				);
				GCC_WARN_64_TO_32_BIT_CONVERSION = YES;
				GCC_WARN_ABOUT_RETURN_TYPE = YES_ERROR;
				GCC_WARN_UNDECLARED_SELECTOR = YES;
				GCC_WARN_UNINITIALIZED_AUTOS = YES_AGGRESSIVE;
				GCC_WARN_UNUSED_FUNCTION = YES;
				GCC_WARN_UNUSED_VARIABLE = YES;
				IPHONEOS_DEPLOYMENT_TARGET = 9.1;
				MTL_ENABLE_DEBUG_INFO = YES;
				ONLY_ACTIVE_ARCH = YES;
				SDKROOT = iphoneos;
				SWIFT_OPTIMIZATION_LEVEL = "-Onone";
			};
			name = Debug;
		};
		91AA45AD1C203E2700CA241B /* Release */ = {
			isa = XCBuildConfiguration;
			buildSettings = {
				ALWAYS_SEARCH_USER_PATHS = NO;
				CLANG_CXX_LANGUAGE_STANDARD = "gnu++0x";
				CLANG_CXX_LIBRARY = "libc++";
				CLANG_ENABLE_MODULES = YES;
				CLANG_ENABLE_OBJC_ARC = YES;
				CLANG_WARN_BOOL_CONVERSION = YES;
				CLANG_WARN_CONSTANT_CONVERSION = YES;
				CLANG_WARN_DIRECT_OBJC_ISA_USAGE = YES_ERROR;
				CLANG_WARN_EMPTY_BODY = YES;
				CLANG_WARN_ENUM_CONVERSION = YES;
				CLANG_WARN_INT_CONVERSION = YES;
				CLANG_WARN_OBJC_ROOT_CLASS = YES_ERROR;
				CLANG_WARN_UNREACHABLE_CODE = YES;
				CLANG_WARN__DUPLICATE_METHOD_MATCH = YES;
				"CODE_SIGN_IDENTITY[sdk=iphoneos*]" = "iPhone Developer";
				COPY_PHASE_STRIP = NO;
				DEBUG_INFORMATION_FORMAT = "dwarf-with-dsym";
				ENABLE_NS_ASSERTIONS = NO;
				ENABLE_STRICT_OBJC_MSGSEND = YES;
				GCC_C_LANGUAGE_STANDARD = gnu99;
				GCC_NO_COMMON_BLOCKS = YES;
				GCC_WARN_64_TO_32_BIT_CONVERSION = YES;
				GCC_WARN_ABOUT_RETURN_TYPE = YES_ERROR;
				GCC_WARN_UNDECLARED_SELECTOR = YES;
				GCC_WARN_UNINITIALIZED_AUTOS = YES_AGGRESSIVE;
				GCC_WARN_UNUSED_FUNCTION = YES;
				GCC_WARN_UNUSED_VARIABLE = YES;
				IPHONEOS_DEPLOYMENT_TARGET = 9.1;
				MTL_ENABLE_DEBUG_INFO = NO;
				SDKROOT = iphoneos;
				VALIDATE_PRODUCT = YES;
			};
			name = Release;
		};
		91AA45AF1C203E2700CA241B /* Debug */ = {
			isa = XCBuildConfiguration;
			baseConfigurationReference = 0DC83508EB03DFA3057F4673 /* Pods-OpenJetRecruitApp.debug.xcconfig */;
			buildSettings = {
				ASSETCATALOG_COMPILER_APPICON_NAME = AppIcon;
				INFOPLIST_FILE = OpenJetRecruitApp/Info.plist;
				LD_RUNPATH_SEARCH_PATHS = "$(inherited) @executable_path/Frameworks";
				PRODUCT_BUNDLE_IDENTIFIER = com.extends42.akabab.OpenJetRecruitApp;
				PRODUCT_NAME = "$(TARGET_NAME)";
			};
			name = Debug;
		};
		91AA45B01C203E2700CA241B /* Release */ = {
			isa = XCBuildConfiguration;
			baseConfigurationReference = 81F76FF861DA4E6A0BA5FD86 /* Pods-OpenJetRecruitApp.release.xcconfig */;
			buildSettings = {
				ASSETCATALOG_COMPILER_APPICON_NAME = AppIcon;
				INFOPLIST_FILE = OpenJetRecruitApp/Info.plist;
				LD_RUNPATH_SEARCH_PATHS = "$(inherited) @executable_path/Frameworks";
				PRODUCT_BUNDLE_IDENTIFIER = com.extends42.akabab.OpenJetRecruitApp;
				PRODUCT_NAME = "$(TARGET_NAME)";
			};
			name = Release;
		};
/* End XCBuildConfiguration section */

/* Begin XCConfigurationList section */
		91AA45971C203E2600CA241B /* Build configuration list for PBXProject "OpenJetRecruitApp" */ = {
			isa = XCConfigurationList;
			buildConfigurations = (
				91AA45AC1C203E2700CA241B /* Debug */,
				91AA45AD1C203E2700CA241B /* Release */,
			);
			defaultConfigurationIsVisible = 0;
			defaultConfigurationName = Release;
		};
		91AA45AE1C203E2700CA241B /* Build configuration list for PBXNativeTarget "OpenJetRecruitApp" */ = {
			isa = XCConfigurationList;
			buildConfigurations = (
				91AA45AF1C203E2700CA241B /* Debug */,
				91AA45B01C203E2700CA241B /* Release */,
			);
			defaultConfigurationIsVisible = 0;
			defaultConfigurationName = Release;
		};
/* End XCConfigurationList section */
	};
	rootObject = 91AA45941C203E2600CA241B /* Project object */;
}
